
Microsoft Visual Studio Solution File, Format Version 12.00
# Visual Studio Version 17
VisualStudioVersion = 17.3.32922.545
MinimumVisualStudioVersion = 10.0.40219.1
Project("{9A19103F-16F7-4668-BE54-9A1E7A4F7556}") = "StreamerBrowser", "StreamerBrowser\StreamerBrowser.csproj", "{EDCE35BF-600F-4E2B-B847-7BD0C2BDE1E1}"
EndProject
Project("{FAE04EC0-301F-11D3-BF4B-00C04F79EFBC}") = "SBCommander", "SBCommander\SBCommander.csproj", "{05C9C038-161C-4CDB-AD62-47F1F63D1904}"
EndProject
Global
	GlobalSection(SolutionConfigurationPlatforms) = preSolution
		Debug|Any CPU = Debug|Any CPU
		Release|Any CPU = Release|Any CPU
	EndGlobalSection
	GlobalSection(ProjectConfigurationPlatforms) = postSolution
		{EDCE35BF-600F-4E2B-B847-7BD0C2BDE1E1}.Debug|Any CPU.ActiveCfg = Debug|Any CPU
		{EDCE35BF-600F-4E2B-B847-7BD0C2BDE1E1}.Debug|Any CPU.Build.0 = Debug|Any CPU
		{EDCE35BF-600F-4E2B-B847-7BD0C2BDE1E1}.Release|Any CPU.ActiveCfg = Release|Any CPU
		{EDCE35BF-600F-4E2B-B847-7BD0C2BDE1E1}.Release|Any CPU.Build.0 = Release|Any CPU
		{05C9C038-161C-4CDB-AD62-47F1F63D1904}.Debug|Any CPU.ActiveCfg = Debug|Any CPU
		{05C9C038-161C-4CDB-AD62-47F1F63D1904}.Debug|Any CPU.Build.0 = Debug|Any CPU
		{05C9C038-161C-4CDB-AD62-47F1F63D1904}.Release|Any CPU.ActiveCfg = Release|Any CPU
		{05C9C038-161C-4CDB-AD62-47F1F63D1904}.Release|Any CPU.Build.0 = Release|Any CPU
	EndGlobalSection
	GlobalSection(SolutionProperties) = preSolution
		HideSolutionNode = FALSE
	EndGlobalSection
	GlobalSection(ExtensibilityGlobals) = postSolution
		SolutionGuid = {83FB2827-184F-4FC8-9B57-30AE956CD629}
	EndGlobalSection
EndGlobal
